
Microsoft Visual Studio Solution File, Format Version 12.00
# Visual Studio Version 16
VisualStudioVersion = 16.0.28714.193
MinimumVisualStudioVersion = 10.0.40219.1
Project("{FAE04EC0-301F-11D3-BF4B-00C04F79EFBC}") = "EnsoulSharp.Jinx", "EnsoulSharp.Jinx\EnsoulSharp.Jinx.csproj", "{A1D1E695-C93A-4ADA-BF67-4B94F80D0186}"
EndProject
Global
	GlobalSection(SolutionConfigurationPlatforms) = preSolution
		Debug|Any CPU = Debug|Any CPU
		Release|Any CPU = Release|Any CPU
	EndGlobalSection
	GlobalSection(ProjectConfigurationPlatforms) = postSolution
		{A1D1E695-C93A-4ADA-BF67-4B94F80D0186}.Debug|Any CPU.ActiveCfg = Debug|Any CPU
		{A1D1E695-C93A-4ADA-BF67-4B94F80D0186}.Debug|Any CPU.Build.0 = Debug|Any CPU
		{A1D1E695-C93A-4ADA-BF67-4B94F80D0186}.Release|Any CPU.ActiveCfg = Release|Any CPU
		{A1D1E695-C93A-4ADA-BF67-4B94F80D0186}.Release|Any CPU.Build.0 = Release|Any CPU
	EndGlobalSection
	GlobalSection(SolutionProperties) = preSolution
		HideSolutionNode = FALSE
	EndGlobalSection
	GlobalSection(ExtensibilityGlobals) = postSolution
		SolutionGuid = {A70E1283-4AF3-4875-AC8B-795049834800}
	EndGlobalSection
EndGlobal
